
Microsoft Visual Studio Solution File, Format Version 12.00
# Visual Studio 15
VisualStudioVersion = 15.0.28307.645
MinimumVisualStudioVersion = 10.0.40219.1
Project("{FAE04EC0-301F-11D3-BF4B-00C04F79EFBC}") = "Sporty.Web", "Sporty.WebAPI\Sporty.Web.csproj", "{CAEA854B-EE12-40E2-8055-CF437EAF64F1}"
EndProject
Project("{FAE04EC0-301F-11D3-BF4B-00C04F79EFBC}") = "Sporty.Commons", "Sporty.Commons\Sporty.Commons.csproj", "{9112711D-5461-4323-8373-E51C9FEE0F49}"
EndProject
Project("{FAE04EC0-301F-11D3-BF4B-00C04F79EFBC}") = "Sporty.DAL", "Sporty.DAL\Sporty.DAL.csproj", "{E800732C-9440-40B8-9C08-ABDA54815C29}"
EndProject
Project("{FAE04EC0-301F-11D3-BF4B-00C04F79EFBC}") = "Sporty.Services", "Sporty.Services\Sporty.Services.csproj", "{E47FCB0E-089E-4338-B57D-54BD5ABE761A}"
EndProject
Project("{FAE04EC0-301F-11D3-BF4B-00C04F79EFBC}") = "Sporty.Tests", "Sporty.Tests\Sporty.Tests.csproj", "{54CCA984-B7B7-485C-A6FC-F2A0F788A2B3}"
EndProject
Global
	GlobalSection(SolutionConfigurationPlatforms) = preSolution
		Debug|Any CPU = Debug|Any CPU
		Release|Any CPU = Release|Any CPU
	EndGlobalSection
	GlobalSection(ProjectConfigurationPlatforms) = postSolution
		{CAEA854B-EE12-40E2-8055-CF437EAF64F1}.Debug|Any CPU.ActiveCfg = Debug|Any CPU
		{CAEA854B-EE12-40E2-8055-CF437EAF64F1}.Debug|Any CPU.Build.0 = Debug|Any CPU
		{CAEA854B-EE12-40E2-8055-CF437EAF64F1}.Release|Any CPU.ActiveCfg = Release|Any CPU
		{CAEA854B-EE12-40E2-8055-CF437EAF64F1}.Release|Any CPU.Build.0 = Release|Any CPU
		{9112711D-5461-4323-8373-E51C9FEE0F49}.Debug|Any CPU.ActiveCfg = Debug|Any CPU
		{9112711D-5461-4323-8373-E51C9FEE0F49}.Debug|Any CPU.Build.0 = Debug|Any CPU
		{9112711D-5461-4323-8373-E51C9FEE0F49}.Release|Any CPU.ActiveCfg = Release|Any CPU
		{9112711D-5461-4323-8373-E51C9FEE0F49}.Release|Any CPU.Build.0 = Release|Any CPU
		{E800732C-9440-40B8-9C08-ABDA54815C29}.Debug|Any CPU.ActiveCfg = Debug|Any CPU
		{E800732C-9440-40B8-9C08-ABDA54815C29}.Debug|Any CPU.Build.0 = Debug|Any CPU
		{E800732C-9440-40B8-9C08-ABDA54815C29}.Release|Any CPU.ActiveCfg = Release|Any CPU
		{E800732C-9440-40B8-9C08-ABDA54815C29}.Release|Any CPU.Build.0 = Release|Any CPU
		{E47FCB0E-089E-4338-B57D-54BD5ABE761A}.Debug|Any CPU.ActiveCfg = Debug|Any CPU
		{E47FCB0E-089E-4338-B57D-54BD5ABE761A}.Debug|Any CPU.Build.0 = Debug|Any CPU
		{E47FCB0E-089E-4338-B57D-54BD5ABE761A}.Release|Any CPU.ActiveCfg = Release|Any CPU
		{E47FCB0E-089E-4338-B57D-54BD5ABE761A}.Release|Any CPU.Build.0 = Release|Any CPU
		{54CCA984-B7B7-485C-A6FC-F2A0F788A2B3}.Debug|Any CPU.ActiveCfg = Debug|Any CPU
		{54CCA984-B7B7-485C-A6FC-F2A0F788A2B3}.Debug|Any CPU.Build.0 = Debug|Any CPU
		{54CCA984-B7B7-485C-A6FC-F2A0F788A2B3}.Release|Any CPU.ActiveCfg = Release|Any CPU
		{54CCA984-B7B7-485C-A6FC-F2A0F788A2B3}.Release|Any CPU.Build.0 = Release|Any CPU
	EndGlobalSection
	GlobalSection(SolutionProperties) = preSolution
		HideSolutionNode = FALSE
	EndGlobalSection
	GlobalSection(ExtensibilityGlobals) = postSolution
		SolutionGuid = {1FD57B31-E31F-4112-940B-8568539EB3EB}
	EndGlobalSection
EndGlobal
